// !$*UTF8*$!
{
	archiveVersion = 1;
	classes = {
	};
	objectVersion = 46;
	objects = {

/* Begin PBXBuildFile section */
		17698269F8ADD4D38A311D89 /* main.m in Sources */ = {isa = PBXBuildFile; fileRef = 176981A2866D0DE024414196 /* main.m */; };
		176984E86ECA32233B27E435 /* Foundation.framework in Frameworks */ = {isa = PBXBuildFile; fileRef = 17698425164A1F74EDBC2D5D /* Foundation.framework */; };
		176985C9FEB9D22956D722EC /* CoreGraphics.framework in Frameworks */ = {isa = PBXBuildFile; fileRef = 176981F883D3A73000608403 /* CoreGraphics.framework */; };
		176986CF1B0818E11D98FA88 /* UIKit.framework in Frameworks */ = {isa = PBXBuildFile; fileRef = 17698BB920DFA1162F0EB821 /* UIKit.framework */; };
		E62F30F41977BCE800ECFCCF /* libCore.a in Frameworks */ = {isa = PBXBuildFile; fileRef = E62F30F31977BCE800ECFCCF /* libCore.a */; };
				5292F359165C59BADE6B6474 /*b4i_httpjob.m */= {isa = PBXBuildFile; fileRef = 055313D68D46A619C16B4E27;};
		7C8F1F60FCCF859AEF9F586B /*b4i_httputils2service.m */= {isa = PBXBuildFile; fileRef = 791E2980D37101BB00123567;};
		1B5820B83AA3E9DAC6BE158D /*b4i_main.m */= {isa = PBXBuildFile; fileRef = 32D8E76D69A9746CEB73E34E;};
		48622FAAF6B9608EDE42A585 /*libiHttp.a */= {isa = PBXBuildFile; fileRef = 73A3AFDA3E1C2A4710B0BE8D;};
		555736A62FF1DDF0E76B00FD /*libiRandomAccessFile.a */= {isa = PBXBuildFile; fileRef = F33698E04E772E1315363D8E;};
		844AF89981AA771224A0559E /*libiStringUtils.a */= {isa = PBXBuildFile; fileRef = 53F3FD709D414430FD29E607;};
		79BE76D3F20C902B702E22E4 /*AVFoundation.framework */= {isa = PBXBuildFile; fileRef = 83B95FEC64B59E87359A8C5A;};
		E257CB488B5FD1E9BD9D20C3 /*libz.dylib */= {isa = PBXBuildFile; fileRef = F9436F3CF4EDD9B39E5EEDE3;};
		46619348C1D9BC1AD093F19A /*libiDebug2.a */= {isa = PBXBuildFile; fileRef = 33A320170F2A2E55977AF321;};
		CDC1A37430974B6764AA0229 /*icon-60.png */= {isa = PBXBuildFile; fileRef = 4047A0115C38265C23AB0850;};
		8A1CF95F5396FD9A58427A00 /*icon-60@2x.png */= {isa = PBXBuildFile; fileRef = CB8927E4E005F2A0B185D6C7;};
		10427C1EB9689E48EADCE914 /*icon-76.png */= {isa = PBXBuildFile; fileRef = 3548EA3947893596457645D2;};
		1BB859284F408213D6264E11 /*icon-76@2x.png */= {isa = PBXBuildFile; fileRef = 9EEC13CEAC68D0880F27AE97;};
		7567E9DCA6BDC2E994E40200 /*Default-568h@2x.png */= {isa = PBXBuildFile; fileRef = 1ADFE0F0A33215595ED59A5B;};
		87DFE5DD125439451EFDB2E8 /*Default-667h@2x.png */= {isa = PBXBuildFile; fileRef = 0F76F8AA59D63D779D02B3CC;};
		3A6AFF879723BD72B31D54C6 /*Default-736h@3x.png */= {isa = PBXBuildFile; fileRef = 56A56C1964657C36DCDFE12D;};
		6A241338867DEFA8FDB7A3A7 /*Default@2x.png */= {isa = PBXBuildFile; fileRef = D7E5D640ABBDE211C40F54B4;};
		8E3C8B1FFDD0682A164B1D73 /*Default-Portrait.png */= {isa = PBXBuildFile; fileRef = 54B1ADFA403F343950A5417F;};
		0FE7D084DB1A64C4E294A949 /*Default-Portrait@2x.png */= {isa = PBXBuildFile; fileRef = 0F85EC362DACC91F412FEBF9;};
		52FE0CA3DC213D5F51910F15 /*b4i_host_ip.txt */= {isa = PBXBuildFile; fileRef = F2D0AA2D4E789009933AEABB;};

/* End PBXBuildFile section */

/* Begin PBXFileReference section */
		176981A2866D0DE024414196 /* main.m */ = {isa = PBXFileReference; lastKnownFileType = sourcecode.c.objc; name=main.m;path = main.m; sourceTree = "<group>"; };
		176981F883D3A73000608403 /* CoreGraphics.framework */ = {isa = PBXFileReference; lastKnownFileType = wrapper.framework; name = CoreGraphics.framework; path = System/Library/Frameworks/CoreGraphics.framework; sourceTree = SDKROOT; };
		17698425164A1F74EDBC2D5D /* Foundation.framework */ = {isa = PBXFileReference; lastKnownFileType = wrapper.framework; name = Foundation.framework; path = System/Library/Frameworks/Foundation.framework; sourceTree = SDKROOT; };
		1769858BCAF68EA130FD7526 /* B4iProject-Info.plist */ = {isa = PBXFileReference; lastKnownFileType = text.plist.info; path = "B4iProject-Info.plist"; sourceTree = "<group>"; };
		17698A7EF0344C1736CE56CA /* iCore.h */ = {isa = PBXFileReference; fileEncoding = 4; lastKnownFileType = sourcecode.c.h; name = iCore.h; path = ../../Libs/iCore.h; sourceTree = "<group>"; };
		17698BB920DFA1162F0EB821 /* UIKit.framework */ = {isa = PBXFileReference; lastKnownFileType = wrapper.framework; name = UIKit.framework; path = System/Library/Frameworks/UIKit.framework; sourceTree = SDKROOT; };
		17698FBFF90D3150F5060750 /* B4iProject.app */ = {isa = PBXFileReference; explicitFileType = wrapper.application; includeInIndex = 0; path = B4iProject.app; sourceTree = BUILT_PRODUCTS_DIR; };
		E62F30F31977BCE800ECFCCF /* libCore.a */ = {isa = PBXFileReference; lastKnownFileType = archive.ar; name = libCore.a; path = ../../Libs/libCore.a; sourceTree = "<group>"; };
				264F3988FA70E836BD558A63 /* b4i_httpjob.h */ = {isa = PBXFileReference; fileEncoding = 4; lastKnownFileType = sourcecode.c.h;name = b4i_httpjob.h;path = b4i_httpjob.h; sourceTree = "<group>"; };
		055313D68D46A619C16B4E27 /* b4i_httpjob.m */ = {isa = PBXFileReference; fileEncoding = 4; lastKnownFileType = sourcecode.c.objc;name = b4i_httpjob.m;path = b4i_httpjob.m; sourceTree = "<group>"; };
		7E21DA60DD3BB91D88BF3DD8 /* b4i_httputils2service.h */ = {isa = PBXFileReference; fileEncoding = 4; lastKnownFileType = sourcecode.c.h;name = b4i_httputils2service.h;path = b4i_httputils2service.h; sourceTree = "<group>"; };
		791E2980D37101BB00123567 /* b4i_httputils2service.m */ = {isa = PBXFileReference; fileEncoding = 4; lastKnownFileType = sourcecode.c.objc;name = b4i_httputils2service.m;path = b4i_httputils2service.m; sourceTree = "<group>"; };
		6B463C86B1319E93541BDFF7 /* b4i_main.h */ = {isa = PBXFileReference; fileEncoding = 4; lastKnownFileType = sourcecode.c.h;name = b4i_main.h;path = b4i_main.h; sourceTree = "<group>"; };
		32D8E76D69A9746CEB73E34E /* b4i_main.m */ = {isa = PBXFileReference; fileEncoding = 4; lastKnownFileType = sourcecode.c.objc;name = b4i_main.m;path = b4i_main.m; sourceTree = "<group>"; };
		347B09CE73A21361AF272E23 /* ../../Libs/iHttp.h */ = {isa = PBXFileReference; fileEncoding = 4; lastKnownFileType = sourcecode.c.h;name = iHttp.h;path = ../../Libs/iHttp.h; sourceTree = "<group>"; };
		E81730452BEC7FF862ED6A59 /* ../../Libs/iRandomAccessFile.h */ = {isa = PBXFileReference; fileEncoding = 4; lastKnownFileType = sourcecode.c.h;name = iRandomAccessFile.h;path = ../../Libs/iRandomAccessFile.h; sourceTree = "<group>"; };
		10E659B132043174C35938EE /* ../../Libs/iStringUtils.h */ = {isa = PBXFileReference; fileEncoding = 4; lastKnownFileType = sourcecode.c.h;name = iStringUtils.h;path = ../../Libs/iStringUtils.h; sourceTree = "<group>"; };
		A0A5F8495F829EF32AFDD022 /* ../../Libs/iDebug2.h */ = {isa = PBXFileReference; fileEncoding = 4; lastKnownFileType = sourcecode.c.h;name = iDebug2.h;path = ../../Libs/iDebug2.h; sourceTree = "<group>"; };
		73A3AFDA3E1C2A4710B0BE8D /* libiHttp.a */ = {isa = PBXFileReference; lastKnownFileType = archive.ar; name = "libiHttp.a";path = "../../Libs/libiHttp.a"; sourceTree = "<group>"; };
		F33698E04E772E1315363D8E /* libiRandomAccessFile.a */ = {isa = PBXFileReference; lastKnownFileType = archive.ar; name = "libiRandomAccessFile.a";path = "../../Libs/libiRandomAccessFile.a"; sourceTree = "<group>"; };
		53F3FD709D414430FD29E607 /* libiStringUtils.a */ = {isa = PBXFileReference; lastKnownFileType = archive.ar; name = "libiStringUtils.a";path = "../../Libs/libiStringUtils.a"; sourceTree = "<group>"; };
		83B95FEC64B59E87359A8C5A /* AVFoundation.framework */ = {isa = PBXFileReference; lastKnownFileType = wrapper.framework; name = "AVFoundation.framework";path = "usr/lib/AVFoundation.framework"; sourceTree = SDKROOT; };
		F9436F3CF4EDD9B39E5EEDE3 /* libz.dylib */ = {isa = PBXFileReference; lastKnownFileType = "compiled.mach-o.dylib"; name = "libz.dylib";path = "usr/lib/libz.dylib"; sourceTree = SDKROOT; };
		33A320170F2A2E55977AF321 /* libiDebug2.a */ = {isa = PBXFileReference; lastKnownFileType = archive.ar; name = "libiDebug2.a";path = "../../Libs/libiDebug2.a"; sourceTree = "<group>"; };
		4047A0115C38265C23AB0850 /* icon-60.png */ = {isa = PBXFileReference; lastKnownFileType = image.png ;name = "icon-60.png";path = "icon-60.png"; sourceTree = "<group>"; };
		CB8927E4E005F2A0B185D6C7 /* icon-60@2x.png */ = {isa = PBXFileReference; lastKnownFileType = image.png ;name = "icon-60@2x.png";path = "icon-60@2x.png"; sourceTree = "<group>"; };
		3548EA3947893596457645D2 /* icon-76.png */ = {isa = PBXFileReference; lastKnownFileType = image.png ;name = "icon-76.png";path = "icon-76.png"; sourceTree = "<group>"; };
		9EEC13CEAC68D0880F27AE97 /* icon-76@2x.png */ = {isa = PBXFileReference; lastKnownFileType = image.png ;name = "icon-76@2x.png";path = "icon-76@2x.png"; sourceTree = "<group>"; };
		1ADFE0F0A33215595ED59A5B /* Default-568h@2x.png */ = {isa = PBXFileReference; lastKnownFileType = image.png ;name = "Default-568h@2x.png";path = "Default-568h@2x.png"; sourceTree = "<group>"; };
		0F76F8AA59D63D779D02B3CC /* Default-667h@2x.png */ = {isa = PBXFileReference; lastKnownFileType = image.png ;name = "Default-667h@2x.png";path = "Default-667h@2x.png"; sourceTree = "<group>"; };
		56A56C1964657C36DCDFE12D /* Default-736h@3x.png */ = {isa = PBXFileReference; lastKnownFileType = image.png ;name = "Default-736h@3x.png";path = "Default-736h@3x.png"; sourceTree = "<group>"; };
		D7E5D640ABBDE211C40F54B4 /* Default@2x.png */ = {isa = PBXFileReference; lastKnownFileType = image.png ;name = "Default@2x.png";path = "Default@2x.png"; sourceTree = "<group>"; };
		54B1ADFA403F343950A5417F /* Default-Portrait.png */ = {isa = PBXFileReference; lastKnownFileType = image.png ;name = "Default-Portrait.png";path = "Default-Portrait.png"; sourceTree = "<group>"; };
		0F85EC362DACC91F412FEBF9 /* Default-Portrait@2x.png */ = {isa = PBXFileReference; lastKnownFileType = image.png ;name = "Default-Portrait@2x.png";path = "Default-Portrait@2x.png"; sourceTree = "<group>"; };
		F2D0AA2D4E789009933AEABB /* b4i_host_ip.txt */ = {isa = PBXFileReference; name = "b4i_host_ip.txt";path = "b4i_host_ip.txt"; sourceTree = "<group>"; };

/* End PBXFileReference section */

/* Begin PBXCopyFilesBuildPhase section */
		E62B57AF1E30D6E400A79AF0 /* Embed Frameworks */ = {
			isa = PBXCopyFilesBuildPhase;
			buildActionMask = 2147483647;
			dstPath = "";
			dstSubfolderSpec = 10;
			files = (
				
			);
			name = "Embed Frameworks";
			runOnlyForDeploymentPostprocessing = 0;
		};

/* Begin PBXFrameworksBuildPhase section */
		176981AF8538501652D4968E /* Frameworks */ = {
			isa = PBXFrameworksBuildPhase;
			buildActionMask = 2147483647;
			files = (
				E62F30F41977BCE800ECFCCF /* libCore.a in Frameworks */,
				176984E86ECA32233B27E435 /* Foundation.framework in Frameworks */,
				176985C9FEB9D22956D722EC /* CoreGraphics.framework in Frameworks */,
				176986CF1B0818E11D98FA88 /* UIKit.framework in Frameworks */,
							48622FAAF6B9608EDE42A585 /* libiHttp.a*/,
			555736A62FF1DDF0E76B00FD /* libiRandomAccessFile.a*/,
			844AF89981AA771224A0559E /* libiStringUtils.a*/,
			79BE76D3F20C902B702E22E4 /* AVFoundation.framework*/,
			E257CB488B5FD1E9BD9D20C3 /* libz.dylib*/,
			46619348C1D9BC1AD093F19A /* libiDebug2.a*/,

			);
			runOnlyForDeploymentPostprocessing = 0;
		};
/* End PBXFrameworksBuildPhase section */

/* Begin PBXGroup section */
		1769817EE441197054A51A0E /* Frameworks */ = {
			isa = PBXGroup;
			children = (
				E62F30F31977BCE800ECFCCF /* libCore.a */,
				17698425164A1F74EDBC2D5D /* Foundation.framework */,
				176981F883D3A73000608403 /* CoreGraphics.framework */,
				17698BB920DFA1162F0EB821 /* UIKit.framework */,
							73A3AFDA3E1C2A4710B0BE8D /* libiHttp.a*/,
			F33698E04E772E1315363D8E /* libiRandomAccessFile.a*/,
			53F3FD709D414430FD29E607 /* libiStringUtils.a*/,
			83B95FEC64B59E87359A8C5A /* AVFoundation.framework*/,
			F9436F3CF4EDD9B39E5EEDE3 /* libz.dylib*/,
			33A320170F2A2E55977AF321 /* libiDebug2.a*/,

			);
			name = Frameworks;
			sourceTree = "<group>";
		};
		176984D1F034284990F306DF = {
			isa = PBXGroup;
			children = (
				17698C736707A7A6CFB39BCC /* Products */,
				1769817EE441197054A51A0E /* Frameworks */,
				17698A4DA77B365030090E14 /* B4iProject */,
				17698A7EF0344C1736CE56CA /* iCore.h */,
				347B09CE73A21361AF272E23 /*../../Libs/iHttp.h */,
E81730452BEC7FF862ED6A59 /*../../Libs/iRandomAccessFile.h */,
10E659B132043174C35938EE /*../../Libs/iStringUtils.h */,
A0A5F8495F829EF32AFDD022 /*../../Libs/iDebug2.h */,

			);
			sourceTree = "<group>";
		};
		17698A4DA77B365030090E14 /* B4iProject */ = {
			isa = PBXGroup;
			children = (
				17698D50146BD3E39B9BED14 /* Supporting Files */,
				1769836B8ADF58C67EFF75D1 /* Images.xcassets */,
				176981A2866D0DE024414196 /* main.m */,
				264F3988FA70E836BD558A63 /*b4i_httpjob.h */,
055313D68D46A619C16B4E27 /*b4i_httpjob.m */,
7E21DA60DD3BB91D88BF3DD8 /*b4i_httputils2service.h */,
791E2980D37101BB00123567 /*b4i_httputils2service.m */,
6B463C86B1319E93541BDFF7 /*b4i_main.h */,
32D8E76D69A9746CEB73E34E /*b4i_main.m */,

			);
			path = B4iProject;
			sourceTree = "<group>";
		};
		17698C736707A7A6CFB39BCC /* Products */ = {
			isa = PBXGroup;
			children = (
				17698FBFF90D3150F5060750 /* B4iProject.app */,
			);
			name = Products;
			sourceTree = "<group>";
		};
		17698D50146BD3E39B9BED14 /* Supporting Files */ = {
			isa = PBXGroup;
			children = (
				1769858BCAF68EA130FD7526 /* B4iProject-Info.plist */,
			);
			name = "Supporting Files";
			sourceTree = "<group>";
		};
/* End PBXGroup section */

/* Begin PBXNativeTarget section */
		176985727CDE56D50D0F89E8 /* B4iProject */ = {
			isa = PBXNativeTarget;
			buildConfigurationList = 176988635465EFF1B60E0EC2 /* Build configuration list for PBXNativeTarget "B4iProject" */;
			buildPhases = (
				176983BE709AAE91071A41C0 /* Sources */,
				176981AF8538501652D4968E /* Frameworks */,
				176986BB4D75D579C4ED5800 /* Resources */,
				E62B57AF1E30D6E400A79AF0 /* Embed Frameworks */,
			);
			buildRules = (
			);
			dependencies = (
			);
			name = B4iProject;
			productName = B4iProject;
			productReference = 17698FBFF90D3150F5060750 /* B4iProject.app */;
			productType = "com.apple.product-type.application";
		};
/* End PBXNativeTarget section */

/* Begin PBXProject section */
		17698CE071E1DCDD35C3769C /* Project object */ = {
			isa = PBXProject;
			
			buildConfigurationList = 1769808FECA5084671CB2E42 /* Build configuration list for PBXProject "B4iProject" */;
			compatibilityVersion = "Xcode 6.3";
			developmentRegion = English;
			hasScannedForEncodings = 0;
			knownRegions = (
				en,
			);
			mainGroup = 176984D1F034284990F306DF;
			productRefGroup = 17698C736707A7A6CFB39BCC /* Products */;
			projectDirPath = "";
			projectRoot = "";
			targets = (
				176985727CDE56D50D0F89E8 /* B4iProject */,
			);
		};
/* End PBXProject section */

/* Begin PBXResourcesBuildPhase section */
		176986BB4D75D579C4ED5800 /* Resources */ = {
			isa = PBXResourcesBuildPhase;
			buildActionMask = 2147483647;
			files = (
						CDC1A37430974B6764AA0229 /* icon-60.png*/,
			8A1CF95F5396FD9A58427A00 /* icon-60@2x.png*/,
			10427C1EB9689E48EADCE914 /* icon-76.png*/,
			1BB859284F408213D6264E11 /* icon-76@2x.png*/,
			7567E9DCA6BDC2E994E40200 /* Default-568h@2x.png*/,
			87DFE5DD125439451EFDB2E8 /* Default-667h@2x.png*/,
			3A6AFF879723BD72B31D54C6 /* Default-736h@3x.png*/,
			6A241338867DEFA8FDB7A3A7 /* Default@2x.png*/,
			8E3C8B1FFDD0682A164B1D73 /* Default-Portrait.png*/,
			0FE7D084DB1A64C4E294A949 /* Default-Portrait@2x.png*/,
			52FE0CA3DC213D5F51910F15 /* b4i_host_ip.txt*/,

			);
			runOnlyForDeploymentPostprocessing = 0;
		};
/* End PBXResourcesBuildPhase section */
/* Begin PBXVariantGroup section */

/* End PBXVariantGroup section */
/* Begin PBXSourcesBuildPhase section */
		176983BE709AAE91071A41C0 /* Sources */ = {
			isa = PBXSourcesBuildPhase;
			buildActionMask = 2147483647;
			files = (
				17698269F8ADD4D38A311D89,
							5292F359165C59BADE6B6474 /* b4i_httpjob.m*/,
			7C8F1F60FCCF859AEF9F586B /* b4i_httputils2service.m*/,
			1B5820B83AA3E9DAC6BE158D /* b4i_main.m*/,

			);
			runOnlyForDeploymentPostprocessing = 0;
		};
/* End PBXSourcesBuildPhase section */

/* Begin XCBuildConfiguration section */
		1769836FE4CB7371F94A0612 /* Debug */ = {
			isa = XCBuildConfiguration;
			buildSettings = {
				ALWAYS_SEARCH_USER_PATHS = NO;
				ARCHS = armv7;
				CLANG_CXX_LANGUAGE_STANDARD = "gnu++0x";
				CLANG_CXX_LIBRARY = "libc++";
				CLANG_ENABLE_MODULES = YES;
				CLANG_ENABLE_OBJC_ARC = YES;
				CLANG_WARN_BOOL_CONVERSION = YES;
				CLANG_WARN_CONSTANT_CONVERSION = YES;
				CLANG_WARN_DIRECT_OBJC_ISA_USAGE = YES_ERROR;
				CLANG_WARN_EMPTY_BODY = YES;
				CLANG_WARN_ENUM_CONVERSION = YES;
				CLANG_WARN_INT_CONVERSION = YES;
				CLANG_WARN_OBJC_ROOT_CLASS = YES_ERROR;
				CLANG_WARN__DUPLICATE_METHOD_MATCH = YES;
				"CODE_SIGN_IDENTITY[sdk=iphoneos*]" = "";
				CODE_SIGN_ENTITLEMENTS = B4i.entitlements;
				COMPRESS_PNG_FILES = NO;
				COPY_PHASE_STRIP = NO;
				DEAD_CODE_STRIPPING = NO;
				GCC_C_LANGUAGE_STANDARD = gnu99;
				GCC_DYNAMIC_NO_PIC = NO;
				GCC_OPTIMIZATION_LEVEL = 0;
				GCC_PREPROCESSOR_DEFINITIONS = (
					"DEBUG=1",
					"$(inherited)",
				);
				GCC_SYMBOLS_PRIVATE_EXTERN = NO;
				GCC_WARN_64_TO_32_BIT_CONVERSION = YES;
				GCC_WARN_ABOUT_RETURN_TYPE = YES_ERROR;
				GCC_WARN_UNDECLARED_SELECTOR = YES;
				GCC_WARN_UNINITIALIZED_AUTOS = YES_AGGRESSIVE;
				GCC_WARN_UNUSED_FUNCTION = YES;
				GCC_WARN_UNUSED_VARIABLE = YES;
				IPHONEOS_DEPLOYMENT_TARGET = 7.0;
				MACH_O_TYPE = mh_execute;
				ONLY_ACTIVE_ARCH = YES;
				SDKROOT = iphoneos;
				TARGETED_DEVICE_FAMILY = "1,2";
				VALID_ARCHS = (
					armv7,
					armv7s,
					arm64,
					x86_64,
				);
			};
			name = Debug;
		};
		176985B8A8864B639093D8AA /* Release */ = {
			isa = XCBuildConfiguration;
			buildSettings = {
				ALWAYS_SEARCH_USER_PATHS = NO;
				ARCHS = armv7;
				CLANG_CXX_LANGUAGE_STANDARD = "gnu++0x";
				CLANG_CXX_LIBRARY = "libc++";
				CLANG_ENABLE_MODULES = YES;
				CLANG_ENABLE_OBJC_ARC = YES;
				CLANG_WARN_BOOL_CONVERSION = YES;
				CLANG_WARN_CONSTANT_CONVERSION = YES;
				CLANG_WARN_DIRECT_OBJC_ISA_USAGE = YES_ERROR;
				CLANG_WARN_EMPTY_BODY = YES;
				CLANG_WARN_ENUM_CONVERSION = YES;
				CLANG_WARN_INT_CONVERSION = YES;
				CLANG_WARN_OBJC_ROOT_CLASS = YES_ERROR;
				CLANG_WARN__DUPLICATE_METHOD_MATCH = YES;
				"CODE_SIGN_IDENTITY[sdk=iphoneos*]" = "";
				CODE_SIGN_ENTITLEMENTS = B4i.entitlements;
				COMPRESS_PNG_FILES = NO;
				COPY_PHASE_STRIP = NO;
				DEAD_CODE_STRIPPING = NO;
				DEBUG_INFORMATION_FORMAT = "stub";
				ENABLE_NS_ASSERTIONS = NO;
				GCC_C_LANGUAGE_STANDARD = gnu99;
				GCC_OPTIMIZATION_LEVEL = 0;
				GCC_WARN_64_TO_32_BIT_CONVERSION = YES;
				GCC_WARN_ABOUT_RETURN_TYPE = YES_ERROR;
				GCC_WARN_UNDECLARED_SELECTOR = YES;
				GCC_WARN_UNINITIALIZED_AUTOS = YES_AGGRESSIVE;
				GCC_WARN_UNUSED_FUNCTION = YES;
				GCC_WARN_UNUSED_VARIABLE = YES;
				IPHONEOS_DEPLOYMENT_TARGET = 7.0;
				MACH_O_TYPE = mh_execute;
				SDKROOT = iphoneos;
				TARGETED_DEVICE_FAMILY = "1,2";
				VALIDATE_PRODUCT = YES;
				VALID_ARCHS = (
					armv7,
					armv7s,
					arm64,
					x86_64,
				);
			};
			name = Release;
		};
		1769861452A3795C25608DA7 /* Debug */ = {
			isa = XCBuildConfiguration;
			buildSettings = {
				ALWAYS_EMBED_SWIFT_STANDARD_LIBRARIES = NO;
				ASSETCATALOG_COMPILER_APPICON_NAME = AppIcon;
				ASSETCATALOG_COMPILER_LAUNCHIMAGE_NAME = LaunchImage;
				ENABLE_BITCODE = NO;
				FRAMEWORK_SEARCH_PATHS = "../../Libs";
				GCC_PRECOMPILE_PREFIX_HEADER = YES;
				INFOPLIST_FILE = "B4iProject/B4iProject-Info.plist";
				LIBRARY_SEARCH_PATHS = (
					"$(inherited)",
					../../Libs,
				);
				OTHER_LDFLAGS = "-ObjC";
				PRODUCT_NAME = "$(TARGET_NAME)";
				WRAPPER_EXTENSION = app;
			};
			name = Debug;
		};
		17698A90363D1AD17BD7A1BA /* Release */ = {
			isa = XCBuildConfiguration;
			buildSettings = {
				ALWAYS_EMBED_SWIFT_STANDARD_LIBRARIES = NO;
				ASSETCATALOG_COMPILER_APPICON_NAME = AppIcon;
				ASSETCATALOG_COMPILER_LAUNCHIMAGE_NAME = LaunchImage;
				ENABLE_BITCODE = NO;
				DEBUG_INFORMATION_FORMAT = "stub";
				FRAMEWORK_SEARCH_PATHS = "../../Libs";
				GCC_PRECOMPILE_PREFIX_HEADER = YES;
				INFOPLIST_FILE = "B4iProject/B4iProject-Info.plist";
				LD_RUNPATH_SEARCH_PATHS = "$(inherited) @executable_path/Frameworks";
				LIBRARY_SEARCH_PATHS = (
					"$(inherited)",
					../../Libs,
				);
				OTHER_LDFLAGS = "-ObjC";
				PRODUCT_NAME = "$(TARGET_NAME)";
				WRAPPER_EXTENSION = app;
			};
			name = Release;
		};
/* End XCBuildConfiguration section */

/* Begin XCConfigurationList section */
		1769808FECA5084671CB2E42 /* Build configuration list for PBXProject "B4iProject" */ = {
			isa = XCConfigurationList;
			buildConfigurations = (
				1769836FE4CB7371F94A0612 /* Debug */,
				176985B8A8864B639093D8AA /* Release */,
			);
			defaultConfigurationIsVisible = 0;
			defaultConfigurationName = Release;
		};
		176988635465EFF1B60E0EC2 /* Build configuration list for PBXNativeTarget "B4iProject" */ = {
			isa = XCConfigurationList;
			buildConfigurations = (
				1769861452A3795C25608DA7 /* Debug */,
				17698A90363D1AD17BD7A1BA /* Release */,
			);
			defaultConfigurationIsVisible = 0;
			defaultConfigurationName = Release;
		};
/* End XCConfigurationList section */
	};
	rootObject = 17698CE071E1DCDD35C3769C /* Project object */;
}
